
Microsoft Visual Studio Solution File, Format Version 12.00
# Visual Studio 15
VisualStudioVersion = 15.0.28307.329
MinimumVisualStudioVersion = 10.0.40219.1
Project("{8BC9CEB8-8B4A-11D0-8D11-00A0C91BC942}") = "X86DisasmEngine", "X86DisasmEngine.vcxproj", "{F6FFB742-B110-44C9-9707-CE1CBB5DD5B0}"
EndProject
Global
	GlobalSection(SolutionConfigurationPlatforms) = preSolution
		Debug|ARM64 = Debug|ARM64
		Debug|x64 = Debug|x64
		Debug|x86 = Debug|x86
		Release|ARM64 = Release|ARM64
		Release|x64 = Release|x64
		Release|x86 = Release|x86
	EndGlobalSection
	GlobalSection(ProjectConfigurationPlatforms) = postSolution
		{F6FFB742-B110-44C9-9707-CE1CBB5DD5B0}.Debug|ARM64.ActiveCfg = Debug|ARM64
		{F6FFB742-B110-44C9-9707-CE1CBB5DD5B0}.Debug|ARM64.Build.0 = Debug|ARM64
		{F6FFB742-B110-44C9-9707-CE1CBB5DD5B0}.Debug|x64.ActiveCfg = Debug|x64
		{F6FFB742-B110-44C9-9707-CE1CBB5DD5B0}.Debug|x64.Build.0 = Debug|x64
		{F6FFB742-B110-44C9-9707-CE1CBB5DD5B0}.Debug|x86.ActiveCfg = Debug|Win32
		{F6FFB742-B110-44C9-9707-CE1CBB5DD5B0}.Debug|x86.Build.0 = Debug|Win32
		{F6FFB742-B110-44C9-9707-CE1CBB5DD5B0}.Release|ARM64.ActiveCfg = Release|ARM64
		{F6FFB742-B110-44C9-9707-CE1CBB5DD5B0}.Release|ARM64.Build.0 = Release|ARM64
		{F6FFB742-B110-44C9-9707-CE1CBB5DD5B0}.Release|x64.ActiveCfg = Release|x64
		{F6FFB742-B110-44C9-9707-CE1CBB5DD5B0}.Release|x64.Build.0 = Release|x64
		{F6FFB742-B110-44C9-9707-CE1CBB5DD5B0}.Release|x86.ActiveCfg = Release|Win32
		{F6FFB742-B110-44C9-9707-CE1CBB5DD5B0}.Release|x86.Build.0 = Release|Win32
	EndGlobalSection
	GlobalSection(SolutionProperties) = preSolution
		HideSolutionNode = FALSE
	EndGlobalSection
	GlobalSection(ExtensibilityGlobals) = postSolution
		SolutionGuid = {FEA613E9-20C9-441D-A3A7-77EB8F6832CB}
	EndGlobalSection
EndGlobal
